
Microsoft Visual Studio Solution File, Format Version 12.00
# Visual Studio Version 17
VisualStudioVersion = 17.3.32825.248
MinimumVisualStudioVersion = 10.0.40219.1
Project("{9A19103F-16F7-4668-BE54-9A1E7A4F7556}") = "Framework.Common", "Framework.Common\Framework.Common.csproj", "{E0940094-2FF7-42D0-A360-023BF65E40B9}"
EndProject
Project("{FAE04EC0-301F-11D3-BF4B-00C04F79EFBC}") = "Framework.UnitTests", "Framework.UnitTests\Framework.UnitTests.csproj", "{673791B1-C891-487C-B193-54F151D9508C}"
EndProject
Project("{FAE04EC0-301F-11D3-BF4B-00C04F79EFBC}") = "Framework.DataAccess", "Framework.DataAccess\Framework.DataAccess.csproj", "{AE6544FE-DF19-45CB-8265-EB3EBADBFAC7}"
EndProject
Project("{FAE04EC0-301F-11D3-BF4B-00C04F79EFBC}") = "Framework.HL7", "Framework.HL7\Framework.HL7.csproj", "{3EA0E265-3704-4F03-A16D-DE1DB0AEFB99}"
EndProject
Project("{FAE04EC0-301F-11D3-BF4B-00C04F79EFBC}") = "Framework.Web", "Framework.Web\Framework.Web.csproj", "{AA5EA627-7072-44AF-AC01-C44477F34D71}"
EndProject
Global
	GlobalSection(SolutionConfigurationPlatforms) = preSolution
		Debug|Any CPU = Debug|Any CPU
		Debug|x86 = Debug|x86
		Release|Any CPU = Release|Any CPU
		Release|x86 = Release|x86
	EndGlobalSection
	GlobalSection(ProjectConfigurationPlatforms) = postSolution
		{E0940094-2FF7-42D0-A360-023BF65E40B9}.Debug|Any CPU.ActiveCfg = Debug|Any CPU
		{E0940094-2FF7-42D0-A360-023BF65E40B9}.Debug|Any CPU.Build.0 = Debug|Any CPU
		{E0940094-2FF7-42D0-A360-023BF65E40B9}.Debug|x86.ActiveCfg = Debug|Any CPU
		{E0940094-2FF7-42D0-A360-023BF65E40B9}.Debug|x86.Build.0 = Debug|Any CPU
		{E0940094-2FF7-42D0-A360-023BF65E40B9}.Release|Any CPU.ActiveCfg = Release|Any CPU
		{E0940094-2FF7-42D0-A360-023BF65E40B9}.Release|Any CPU.Build.0 = Release|Any CPU
		{E0940094-2FF7-42D0-A360-023BF65E40B9}.Release|x86.ActiveCfg = Release|Any CPU
		{E0940094-2FF7-42D0-A360-023BF65E40B9}.Release|x86.Build.0 = Release|Any CPU
		{673791B1-C891-487C-B193-54F151D9508C}.Debug|Any CPU.ActiveCfg = Debug|Any CPU
		{673791B1-C891-487C-B193-54F151D9508C}.Debug|Any CPU.Build.0 = Debug|Any CPU
		{673791B1-C891-487C-B193-54F151D9508C}.Debug|x86.ActiveCfg = Debug|Any CPU
		{673791B1-C891-487C-B193-54F151D9508C}.Debug|x86.Build.0 = Debug|Any CPU
		{673791B1-C891-487C-B193-54F151D9508C}.Release|Any CPU.ActiveCfg = Release|Any CPU
		{673791B1-C891-487C-B193-54F151D9508C}.Release|Any CPU.Build.0 = Release|Any CPU
		{673791B1-C891-487C-B193-54F151D9508C}.Release|x86.ActiveCfg = Release|Any CPU
		{673791B1-C891-487C-B193-54F151D9508C}.Release|x86.Build.0 = Release|Any CPU
		{AE6544FE-DF19-45CB-8265-EB3EBADBFAC7}.Debug|Any CPU.ActiveCfg = Debug|Any CPU
		{AE6544FE-DF19-45CB-8265-EB3EBADBFAC7}.Debug|Any CPU.Build.0 = Debug|Any CPU
		{AE6544FE-DF19-45CB-8265-EB3EBADBFAC7}.Debug|x86.ActiveCfg = Debug|Any CPU
		{AE6544FE-DF19-45CB-8265-EB3EBADBFAC7}.Debug|x86.Build.0 = Debug|Any CPU
		{AE6544FE-DF19-45CB-8265-EB3EBADBFAC7}.Release|Any CPU.ActiveCfg = Release|Any CPU
		{AE6544FE-DF19-45CB-8265-EB3EBADBFAC7}.Release|Any CPU.Build.0 = Release|Any CPU
		{AE6544FE-DF19-45CB-8265-EB3EBADBFAC7}.Release|x86.ActiveCfg = Release|Any CPU
		{AE6544FE-DF19-45CB-8265-EB3EBADBFAC7}.Release|x86.Build.0 = Release|Any CPU
		{3EA0E265-3704-4F03-A16D-DE1DB0AEFB99}.Debug|Any CPU.ActiveCfg = Debug|Any CPU
		{3EA0E265-3704-4F03-A16D-DE1DB0AEFB99}.Debug|Any CPU.Build.0 = Debug|Any CPU
		{3EA0E265-3704-4F03-A16D-DE1DB0AEFB99}.Debug|x86.ActiveCfg = Debug|Any CPU
		{3EA0E265-3704-4F03-A16D-DE1DB0AEFB99}.Debug|x86.Build.0 = Debug|Any CPU
		{3EA0E265-3704-4F03-A16D-DE1DB0AEFB99}.Release|Any CPU.ActiveCfg = Release|Any CPU
		{3EA0E265-3704-4F03-A16D-DE1DB0AEFB99}.Release|Any CPU.Build.0 = Release|Any CPU
		{3EA0E265-3704-4F03-A16D-DE1DB0AEFB99}.Release|x86.ActiveCfg = Release|Any CPU
		{3EA0E265-3704-4F03-A16D-DE1DB0AEFB99}.Release|x86.Build.0 = Release|Any CPU
		{AA5EA627-7072-44AF-AC01-C44477F34D71}.Debug|Any CPU.ActiveCfg = Debug|Any CPU
		{AA5EA627-7072-44AF-AC01-C44477F34D71}.Debug|Any CPU.Build.0 = Debug|Any CPU
		{AA5EA627-7072-44AF-AC01-C44477F34D71}.Debug|x86.ActiveCfg = Debug|Any CPU
		{AA5EA627-7072-44AF-AC01-C44477F34D71}.Debug|x86.Build.0 = Debug|Any CPU
		{AA5EA627-7072-44AF-AC01-C44477F34D71}.Release|Any CPU.ActiveCfg = Release|Any CPU
		{AA5EA627-7072-44AF-AC01-C44477F34D71}.Release|Any CPU.Build.0 = Release|Any CPU
		{AA5EA627-7072-44AF-AC01-C44477F34D71}.Release|x86.ActiveCfg = Release|Any CPU
		{AA5EA627-7072-44AF-AC01-C44477F34D71}.Release|x86.Build.0 = Release|Any CPU
	EndGlobalSection
	GlobalSection(SolutionProperties) = preSolution
		HideSolutionNode = FALSE
	EndGlobalSection
	GlobalSection(ExtensibilityGlobals) = postSolution
		SolutionGuid = {83DFE837-178E-4D97-AE81-EB4F51A37BC1}
	EndGlobalSection
EndGlobal
